
Microsoft Visual Studio Solution File, Format Version 12.00
# Visual Studio 15
VisualStudioVersion = 15.0.28307.902
MinimumVisualStudioVersion = 10.0.40219.1
Project("{FAE04EC0-301F-11D3-BF4B-00C04F79EFBC}") = "Focusync.Middleware", "Focusync.Middleware\Focusync.Middleware.csproj", "{3FFBDA62-21C7-44D3-AEEF-39B0A72CDE83}"
EndProject
Project("{FAE04EC0-301F-11D3-BF4B-00C04F79EFBC}") = "Focusync.Service.CoreBank.OCR", "Focusync.Service.CoreBank.OCR\Focusync.Service.CoreBank.OCR.csproj", "{8E359381-5B12-4BDC-91DE-939AD72A02BC}"
EndProject
Project("{FAE04EC0-301F-11D3-BF4B-00C04F79EFBC}") = "Focusync.Infrastructure", "Focusync.Infrastructure\Focusync.Infrastructure.csproj", "{081F03DD-ED31-46DA-A294-C54EB7174457}"
EndProject
Global
	GlobalSection(SolutionConfigurationPlatforms) = preSolution
		Debug|Any CPU = Debug|Any CPU
		Development|Any CPU = Development|Any CPU
		PreSit|Any CPU = PreSit|Any CPU
		Release|Any CPU = Release|Any CPU
		Sit|Any CPU = Sit|Any CPU
	EndGlobalSection
	GlobalSection(ProjectConfigurationPlatforms) = postSolution
		{3FFBDA62-21C7-44D3-AEEF-39B0A72CDE83}.Debug|Any CPU.ActiveCfg = Debug|Any CPU
		{3FFBDA62-21C7-44D3-AEEF-39B0A72CDE83}.Debug|Any CPU.Build.0 = Debug|Any CPU
		{3FFBDA62-21C7-44D3-AEEF-39B0A72CDE83}.Development|Any CPU.ActiveCfg = Debug|Any CPU
		{3FFBDA62-21C7-44D3-AEEF-39B0A72CDE83}.Development|Any CPU.Build.0 = Debug|Any CPU
		{3FFBDA62-21C7-44D3-AEEF-39B0A72CDE83}.PreSit|Any CPU.ActiveCfg = Release|Any CPU
		{3FFBDA62-21C7-44D3-AEEF-39B0A72CDE83}.PreSit|Any CPU.Build.0 = Release|Any CPU
		{3FFBDA62-21C7-44D3-AEEF-39B0A72CDE83}.Release|Any CPU.ActiveCfg = Release|Any CPU
		{3FFBDA62-21C7-44D3-AEEF-39B0A72CDE83}.Release|Any CPU.Build.0 = Release|Any CPU
		{3FFBDA62-21C7-44D3-AEEF-39B0A72CDE83}.Sit|Any CPU.ActiveCfg = Release|Any CPU
		{3FFBDA62-21C7-44D3-AEEF-39B0A72CDE83}.Sit|Any CPU.Build.0 = Release|Any CPU
		{8E359381-5B12-4BDC-91DE-939AD72A02BC}.Debug|Any CPU.ActiveCfg = Debug|Any CPU
		{8E359381-5B12-4BDC-91DE-939AD72A02BC}.Debug|Any CPU.Build.0 = Debug|Any CPU
		{8E359381-5B12-4BDC-91DE-939AD72A02BC}.Development|Any CPU.ActiveCfg = Development|Any CPU
		{8E359381-5B12-4BDC-91DE-939AD72A02BC}.Development|Any CPU.Build.0 = Development|Any CPU
		{8E359381-5B12-4BDC-91DE-939AD72A02BC}.PreSit|Any CPU.ActiveCfg = PreSit|Any CPU
		{8E359381-5B12-4BDC-91DE-939AD72A02BC}.PreSit|Any CPU.Build.0 = PreSit|Any CPU
		{8E359381-5B12-4BDC-91DE-939AD72A02BC}.Release|Any CPU.ActiveCfg = Release|Any CPU
		{8E359381-5B12-4BDC-91DE-939AD72A02BC}.Release|Any CPU.Build.0 = Release|Any CPU
		{8E359381-5B12-4BDC-91DE-939AD72A02BC}.Sit|Any CPU.ActiveCfg = Sit|Any CPU
		{8E359381-5B12-4BDC-91DE-939AD72A02BC}.Sit|Any CPU.Build.0 = Sit|Any CPU
		{081F03DD-ED31-46DA-A294-C54EB7174457}.Debug|Any CPU.ActiveCfg = Debug|Any CPU
		{081F03DD-ED31-46DA-A294-C54EB7174457}.Debug|Any CPU.Build.0 = Debug|Any CPU
		{081F03DD-ED31-46DA-A294-C54EB7174457}.Development|Any CPU.ActiveCfg = Debug|Any CPU
		{081F03DD-ED31-46DA-A294-C54EB7174457}.Development|Any CPU.Build.0 = Debug|Any CPU
		{081F03DD-ED31-46DA-A294-C54EB7174457}.PreSit|Any CPU.ActiveCfg = Release|Any CPU
		{081F03DD-ED31-46DA-A294-C54EB7174457}.PreSit|Any CPU.Build.0 = Release|Any CPU
		{081F03DD-ED31-46DA-A294-C54EB7174457}.Release|Any CPU.ActiveCfg = Release|Any CPU
		{081F03DD-ED31-46DA-A294-C54EB7174457}.Release|Any CPU.Build.0 = Release|Any CPU
		{081F03DD-ED31-46DA-A294-C54EB7174457}.Sit|Any CPU.ActiveCfg = Release|Any CPU
		{081F03DD-ED31-46DA-A294-C54EB7174457}.Sit|Any CPU.Build.0 = Release|Any CPU
	EndGlobalSection
	GlobalSection(SolutionProperties) = preSolution
		HideSolutionNode = FALSE
	EndGlobalSection
	GlobalSection(ExtensibilityGlobals) = postSolution
		SolutionGuid = {6FD0C8CA-3A4A-4C65-BAE7-CBF1CE4BB34B}
	EndGlobalSection
EndGlobal
